
Microsoft Visual Studio Solution File, Format Version 12.00
# Visual Studio Version 17
VisualStudioVersion = 17.4.33213.308
MinimumVisualStudioVersion = 10.0.40219.1
Project("{FAE04EC0-301F-11D3-BF4B-00C04F79EFBC}") = "smsCore", "smsCore\smsCore.csproj", "{7E2C412A-DC99-4FFC-A99E-127ED120E1D9}"
EndProject
Project("{FAE04EC0-301F-11D3-BF4B-00C04F79EFBC}") = "smsCore.Data", "smsCore.Data\smsCore.Data.csproj", "{DDDF34F3-9D42-475D-BFB1-EB3BF0E8D98F}"
EndProject
Global
	GlobalSection(SolutionConfigurationPlatforms) = preSolution
		Debug|Any CPU = Debug|Any CPU
		Release|Any CPU = Release|Any CPU
	EndGlobalSection
	GlobalSection(ProjectConfigurationPlatforms) = postSolution
		{7E2C412A-DC99-4FFC-A99E-127ED120E1D9}.Debug|Any CPU.ActiveCfg = Debug|Any CPU
		{7E2C412A-DC99-4FFC-A99E-127ED120E1D9}.Debug|Any CPU.Build.0 = Debug|Any CPU
		{7E2C412A-DC99-4FFC-A99E-127ED120E1D9}.Release|Any CPU.ActiveCfg = Release|Any CPU
		{7E2C412A-DC99-4FFC-A99E-127ED120E1D9}.Release|Any CPU.Build.0 = Release|Any CPU
		{DDDF34F3-9D42-475D-BFB1-EB3BF0E8D98F}.Debug|Any CPU.ActiveCfg = Debug|Any CPU
		{DDDF34F3-9D42-475D-BFB1-EB3BF0E8D98F}.Debug|Any CPU.Build.0 = Debug|Any CPU
		{DDDF34F3-9D42-475D-BFB1-EB3BF0E8D98F}.Release|Any CPU.ActiveCfg = Release|Any CPU
		{DDDF34F3-9D42-475D-BFB1-EB3BF0E8D98F}.Release|Any CPU.Build.0 = Release|Any CPU
	EndGlobalSection
	GlobalSection(SolutionProperties) = preSolution
		HideSolutionNode = FALSE
	EndGlobalSection
	GlobalSection(ExtensibilityGlobals) = postSolution
		SolutionGuid = {4C292CA0-33E1-41DD-8308-313EBEF33C81}
	EndGlobalSection
EndGlobal
